
Microsoft Visual Studio Solution File, Format Version 12.00
# Visual Studio 15
VisualStudioVersion = 15.0.28307.168
MinimumVisualStudioVersion = 10.0.40219.1
Project("{FAE04EC0-301F-11D3-BF4B-00C04F79EFBC}") = "Greed", "Greed\Greed.csproj", "{D408833F-FC5F-4D3C-BEFA-4C39CFD55E21}"
EndProject
Global
	GlobalSection(SolutionConfigurationPlatforms) = preSolution
		Debug|Any CPU = Debug|Any CPU
		Release|Any CPU = Release|Any CPU
	EndGlobalSection
	GlobalSection(ProjectConfigurationPlatforms) = postSolution
		{D408833F-FC5F-4D3C-BEFA-4C39CFD55E21}.Debug|Any CPU.ActiveCfg = Debug|Any CPU
		{D408833F-FC5F-4D3C-BEFA-4C39CFD55E21}.Debug|Any CPU.Build.0 = Debug|Any CPU
		{D408833F-FC5F-4D3C-BEFA-4C39CFD55E21}.Release|Any CPU.ActiveCfg = Release|Any CPU
		{D408833F-FC5F-4D3C-BEFA-4C39CFD55E21}.Release|Any CPU.Build.0 = Release|Any CPU
	EndGlobalSection
	GlobalSection(SolutionProperties) = preSolution
		HideSolutionNode = FALSE
	EndGlobalSection
	GlobalSection(ExtensibilityGlobals) = postSolution
		SolutionGuid = {141EFC34-AAE6-4C4A-B55F-D410F34847CC}
	EndGlobalSection
EndGlobal
